PODS:
  - pod (0.0.1)
  - SDWebImage (4.4.6):
    - SDWebImage/Core (= 4.4.6)
  - SDWebImage/Core (4.4.6)
  - SnapKit (4.0.1)

DEPENDENCIES:
  - pod (from `https://github.com/xuk3r/pod.git`)
  - SDWebImage
  - SnapKit (~> 4.0.0)

SPEC REPOS:
  https://github.com/cocoapods/specs.git:
    - SDWebImage
    - SnapKit

EXTERNAL SOURCES:
  pod:
    :git: https://github.com/xuk3r/pod.git

CHECKOUT OPTIONS:
  pod:
    :commit: d8960ef22871cf0914cc6a22ee53293c0c8615b0
    :git: https://github.com/xuk3r/pod.git

SPEC CHECKSUMS:
  pod: e4db0845aaa8408c09bde83b72ad6c1b090b86e6
  SDWebImage: 3f3f0c02f09798048c47a5ed0a13f17b063572d8
  SnapKit: 0de968a9fec17499afa29683b05d0c775b6d1c29

PODFILE CHECKSUM: 7449b8f7a94d1682a70709380e4eeba0e20b2a34

COCOAPODS: 1.5.3
