// !$*UTF8*$!
{
	archiveVersion = 1;
	classes = {
	};
	objectVersion = 50;
	objects = {

/* Begin PBXBuildFile section */
		3F08F07028063D1C7A5D22B8 /* Pods_Example.framework in Frameworks */ = {isa = PBXBuildFile; fileRef = 7644BE6E1A1153A6BA09153C /* Pods_Example.framework */; };
		BF1ABA1022378C49005A1C48 /* AppDelegate.swift in Sources */ = {isa = PBXBuildFile; fileRef = BF1ABA0F22378C49005A1C48 /* AppDelegate.swift */; };
		BF1ABA1222378C49005A1C48 /* ViewController.swift in Sources */ = {isa = PBXBuildFile; fileRef = BF1ABA1122378C49005A1C48 /* ViewController.swift */; };
		BF1ABA1522378C49005A1C48 /* Main.storyboard in Resources */ = {isa = PBXBuildFile; fileRef = BF1ABA1322378C49005A1C48 /* Main.storyboard */; };
		BF1ABA1722378C4B005A1C48 /* Assets.xcassets in Resources */ = {isa = PBXBuildFile; fileRef = BF1ABA1622378C4B005A1C48 /* Assets.xcassets */; };
		BF1ABA1A22378C4B005A1C48 /* LaunchScreen.storyboard in Resources */ = {isa = PBXBuildFile; fileRef = BF1ABA1822378C4B005A1C48 /* LaunchScreen.storyboard */; };
		BF1ABA2522378C4B005A1C48 /* ExampleTests.swift in Sources */ = {isa = PBXBuildFile; fileRef = BF1ABA2422378C4B005A1C48 /* ExampleTests.swift */; };
		BF1ABA3022378C4B005A1C48 /* ExampleUITests.swift in Sources */ = {isa = PBXBuildFile; fileRef = BF1ABA2F22378C4B005A1C48 /* ExampleUITests.swift */; };
		D1A1AD89159A7A1E195F2C6C /* Pods_ExampleUITests.framework in Frameworks */ = {isa = PBXBuildFile; fileRef = 5C3EC9E143F181D8E87B8317 /* Pods_ExampleUITests.framework */; };
		F96771BCC40C3E7E73C8E722 /* Pods_ExampleTests.framework in Frameworks */ = {isa = PBXBuildFile; fileRef = 433C36E0986C8B0499952C33 /* Pods_ExampleTests.framework */; };
/* End PBXBuildFile section */

/* Begin PBXContainerItemProxy section */
		BF1ABA2122378C4B005A1C48 /* PBXContainerItemProxy */ = {
			isa = PBXContainerItemProxy;
			containerPortal = BF1ABA0422378C49005A1C48 /* Project object */;
			proxyType = 1;
			remoteGlobalIDString = BF1ABA0B22378C49005A1C48;
			remoteInfo = Example;
		};
		BF1ABA2C22378C4B005A1C48 /* PBXContainerItemProxy */ = {
			isa = PBXContainerItemProxy;
			containerPortal = BF1ABA0422378C49005A1C48 /* Project object */;
			proxyType = 1;
			remoteGlobalIDString = BF1ABA0B22378C49005A1C48;
			remoteInfo = Example;
		};
/* End PBXContainerItemProxy section */

/* Begin PBXFileReference section */
		21A0BF82013F6684960BD842 /* Pods-ExampleTests.release.xcconfig */ = {isa = PBXFileReference; includeInIndex = 1; lastKnownFileType = text.xcconfig; name = "Pods-ExampleTests.release.xcconfig"; path = "Pods/Target Support Files/Pods-ExampleTests/Pods-ExampleTests.release.xcconfig"; sourceTree = "<group>"; };
		23FC821E48C76D56CBE402A2 /* Pods-Example.debug.xcconfig */ = {isa = PBXFileReference; includeInIndex = 1; lastKnownFileType = text.xcconfig; name = "Pods-Example.debug.xcconfig"; path = "Pods/Target Support Files/Pods-Example/Pods-Example.debug.xcconfig"; sourceTree = "<group>"; };
		2BD005508191354961875858 /* Pods-ExampleUITests.release.xcconfig */ = {isa = PBXFileReference; includeInIndex = 1; lastKnownFileType = text.xcconfig; name = "Pods-ExampleUITests.release.xcconfig"; path = "Pods/Target Support Files/Pods-ExampleUITests/Pods-ExampleUITests.release.xcconfig"; sourceTree = "<group>"; };
		433C36E0986C8B0499952C33 /* Pods_ExampleTests.framework */ = {isa = PBXFileReference; explicitFileType = wrapper.framework; includeInIndex = 0; path = Pods_ExampleTests.framework; sourceTree = BUILT_PRODUCTS_DIR; };
		5220711446659946C8DEB545 /* Pods-Example.release.xcconfig */ = {isa = PBXFileReference; includeInIndex = 1; lastKnownFileType = text.xcconfig; name = "Pods-Example.release.xcconfig"; path = "Pods/Target Support Files/Pods-Example/Pods-Example.release.xcconfig"; sourceTree = "<group>"; };
		5C3EC9E143F181D8E87B8317 /* Pods_ExampleUITests.framework */ = {isa = PBXFileReference; explicitFileType = wrapper.framework; includeInIndex = 0; path = Pods_ExampleUITests.framework; sourceTree = BUILT_PRODUCTS_DIR; };
		7644BE6E1A1153A6BA09153C /* Pods_Example.framework */ = {isa = PBXFileReference; explicitFileType = wrapper.framework; includeInIndex = 0; path = Pods_Example.framework; sourceTree = BUILT_PRODUCTS_DIR; };
		BF1ABA0C22378C49005A1C48 /* Example.app */ = {isa = PBXFileReference; explicitFileType = wrapper.application; includeInIndex = 0; path = Example.app; sourceTree = BUILT_PRODUCTS_DIR; };
		BF1ABA0F22378C49005A1C48 /* AppDelegate.swift */ = {isa = PBXFileReference; lastKnownFileType = sourcecode.swift; path = AppDelegate.swift; sourceTree = "<group>"; };
		BF1ABA1122378C49005A1C48 /* ViewController.swift */ = {isa = PBXFileReference; lastKnownFileType = sourcecode.swift; path = ViewController.swift; sourceTree = "<group>"; };
		BF1ABA1422378C49005A1C48 /* Base */ = {isa = PBXFileReference; lastKnownFileType = file.storyboard; name = Base; path = Base.lproj/Main.storyboard; sourceTree = "<group>"; };
		BF1ABA1622378C4B005A1C48 /* Assets.xcassets */ = {isa = PBXFileReference; lastKnownFileType = folder.assetcatalog; path = Assets.xcassets; sourceTree = "<group>"; };
		BF1ABA1922378C4B005A1C48 /* Base */ = {isa = PBXFileReference; lastKnownFileType = file.storyboard; name = Base; path = Base.lproj/LaunchScreen.storyboard; sourceTree = "<group>"; };
		BF1ABA1B22378C4B005A1C48 /* Info.plist */ = {isa = PBXFileReference; lastKnownFileType = text.plist.xml; path = Info.plist; sourceTree = "<group>"; };
		BF1ABA2022378C4B005A1C48 /* ExampleTests.xctest */ = {isa = PBXFileReference; explicitFileType = wrapper.cfbundle; includeInIndex = 0; path = ExampleTests.xctest; sourceTree = BUILT_PRODUCTS_DIR; };
		BF1ABA2422378C4B005A1C48 /* ExampleTests.swift */ = {isa = PBXFileReference; lastKnownFileType = sourcecode.swift; path = ExampleTests.swift; sourceTree = "<group>"; };
		BF1ABA2622378C4B005A1C48 /* Info.plist */ = {isa = PBXFileReference; lastKnownFileType = text.plist.xml; path = Info.plist; sourceTree = "<group>"; };
		BF1ABA2B22378C4B005A1C48 /* ExampleUITests.xctest */ = {isa = PBXFileReference; explicitFileType = wrapper.cfbundle; includeInIndex = 0; path = ExampleUITests.xctest; sourceTree = BUILT_PRODUCTS_DIR; };
		BF1ABA2F22378C4B005A1C48 /* ExampleUITests.swift */ = {isa = PBXFileReference; lastKnownFileType = sourcecode.swift; path = ExampleUITests.swift; sourceTree = "<group>"; };
		BF1ABA3122378C4B005A1C48 /* Info.plist */ = {isa = PBXFileReference; lastKnownFileType = text.plist.xml; path = Info.plist; sourceTree = "<group>"; };
		C20C3F0794A4CCC6722440D8 /* Pods-ExampleTests.debug.xcconfig */ = {isa = PBXFileReference; includeInIndex = 1; lastKnownFileType = text.xcconfig; name = "Pods-ExampleTests.debug.xcconfig"; path = "Pods/Target Support Files/Pods-ExampleTests/Pods-ExampleTests.debug.xcconfig"; sourceTree = "<group>"; };
		F09704719239FB9336BF8E4F /* Pods-ExampleUITests.debug.xcconfig */ = {isa = PBXFileReference; includeInIndex = 1; lastKnownFileType = text.xcconfig; name = "Pods-ExampleUITests.debug.xcconfig"; path = "Pods/Target Support Files/Pods-ExampleUITests/Pods-ExampleUITests.debug.xcconfig"; sourceTree = "<group>"; };
/* End PBXFileReference section */

/* Begin PBXFrameworksBuildPhase section */
		BF1ABA0922378C49005A1C48 /* Frameworks */ = {
			isa = PBXFrameworksBuildPhase;
			buildActionMask = 2147483647;
			files = (
				3F08F07028063D1C7A5D22B8 /* Pods_Example.framework in Frameworks */,
			);
			runOnlyForDeploymentPostprocessing = 0;
		};
		BF1ABA1D22378C4B005A1C48 /* Frameworks */ = {
			isa = PBXFrameworksBuildPhase;
			buildActionMask = 2147483647;
			files = (
				F96771BCC40C3E7E73C8E722 /* Pods_ExampleTests.framework in Frameworks */,
			);
			runOnlyForDeploymentPostprocessing = 0;
		};
		BF1ABA2822378C4B005A1C48 /* Frameworks */ = {
			isa = PBXFrameworksBuildPhase;
			buildActionMask = 2147483647;
			files = (
				D1A1AD89159A7A1E195F2C6C /* Pods_ExampleUITests.framework in Frameworks */,
			);
			runOnlyForDeploymentPostprocessing = 0;
		};
/* End PBXFrameworksBuildPhase section */

/* Begin PBXGroup section */
		52732D99FAACD14FCF94A99F /* Frameworks */ = {
			isa = PBXGroup;
			children = (
				7644BE6E1A1153A6BA09153C /* Pods_Example.framework */,
				433C36E0986C8B0499952C33 /* Pods_ExampleTests.framework */,
				5C3EC9E143F181D8E87B8317 /* Pods_ExampleUITests.framework */,
			);
			name = Frameworks;
			sourceTree = "<group>";
		};
		BF1ABA0322378C49005A1C48 = {
			isa = PBXGroup;
			children = (
				BF1ABA0E22378C49005A1C48 /* Example */,
				BF1ABA2322378C4B005A1C48 /* ExampleTests */,
				BF1ABA2E22378C4B005A1C48 /* ExampleUITests */,
				BF1ABA0D22378C49005A1C48 /* Products */,
				C814E172985FA0E09395A442 /* Pods */,
				52732D99FAACD14FCF94A99F /* Frameworks */,
			);
			sourceTree = "<group>";
		};
		BF1ABA0D22378C49005A1C48 /* Products */ = {
			isa = PBXGroup;
			children = (
				BF1ABA0C22378C49005A1C48 /* Example.app */,
				BF1ABA2022378C4B005A1C48 /* ExampleTests.xctest */,
				BF1ABA2B22378C4B005A1C48 /* ExampleUITests.xctest */,
			);
			name = Products;
			sourceTree = "<group>";
		};
		BF1ABA0E22378C49005A1C48 /* Example */ = {
			isa = PBXGroup;
			children = (
				BF1ABA0F22378C49005A1C48 /* AppDelegate.swift */,
				BF1ABA1122378C49005A1C48 /* ViewController.swift */,
				BF1ABA1322378C49005A1C48 /* Main.storyboard */,
				BF1ABA1622378C4B005A1C48 /* Assets.xcassets */,
				BF1ABA1822378C4B005A1C48 /* LaunchScreen.storyboard */,
				BF1ABA1B22378C4B005A1C48 /* Info.plist */,
			);
			path = Example;
			sourceTree = "<group>";
		};
		BF1ABA2322378C4B005A1C48 /* ExampleTests */ = {
			isa = PBXGroup;
			children = (
				BF1ABA2422378C4B005A1C48 /* ExampleTests.swift */,
				BF1ABA2622378C4B005A1C48 /* Info.plist */,
			);
			path = ExampleTests;
			sourceTree = "<group>";
		};
		BF1ABA2E22378C4B005A1C48 /* ExampleUITests */ = {
			isa = PBXGroup;
			children = (
				BF1ABA2F22378C4B005A1C48 /* ExampleUITests.swift */,
				BF1ABA3122378C4B005A1C48 /* Info.plist */,
			);
			path = ExampleUITests;
			sourceTree = "<group>";
		};
		C814E172985FA0E09395A442 /* Pods */ = {
			isa = PBXGroup;
			children = (
				23FC821E48C76D56CBE402A2 /* Pods-Example.debug.xcconfig */,
				5220711446659946C8DEB545 /* Pods-Example.release.xcconfig */,
				C20C3F0794A4CCC6722440D8 /* Pods-ExampleTests.debug.xcconfig */,
				21A0BF82013F6684960BD842 /* Pods-ExampleTests.release.xcconfig */,
				F09704719239FB9336BF8E4F /* Pods-ExampleUITests.debug.xcconfig */,
				2BD005508191354961875858 /* Pods-ExampleUITests.release.xcconfig */,
			);
			name = Pods;
			sourceTree = "<group>";
		};
/* End PBXGroup section */

/* Begin PBXNativeTarget section */
		BF1ABA0B22378C49005A1C48 /* Example */ = {
			isa = PBXNativeTarget;
			buildConfigurationList = BF1ABA3422378C4B005A1C48 /* Build configuration list for PBXNativeTarget "Example" */;
			buildPhases = (
				58473C0DD1F4833CCD5EF8DE /* [CP] Check Pods Manifest.lock */,
				BF1ABA0822378C49005A1C48 /* Sources */,
				BF1ABA0922378C49005A1C48 /* Frameworks */,
				BF1ABA0A22378C49005A1C48 /* Resources */,
				AF86C6F772C3F82349DD8864 /* [CP] Embed Pods Frameworks */,
			);
			buildRules = (
			);
			dependencies = (
			);
			name = Example;
			productName = Example;
			productReference = BF1ABA0C22378C49005A1C48 /* Example.app */;
			productType = "com.apple.product-type.application";
		};
		BF1ABA1F22378C4B005A1C48 /* ExampleTests */ = {
			isa = PBXNativeTarget;
			buildConfigurationList = BF1ABA3722378C4B005A1C48 /* Build configuration list for PBXNativeTarget "ExampleTests" */;
			buildPhases = (
				AB24011FF4C154A3DD8DA31D /* [CP] Check Pods Manifest.lock */,
				BF1ABA1C22378C4B005A1C48 /* Sources */,
				BF1ABA1D22378C4B005A1C48 /* Frameworks */,
				BF1ABA1E22378C4B005A1C48 /* Resources */,
			);
			buildRules = (
			);
			dependencies = (
				BF1ABA2222378C4B005A1C48 /* PBXTargetDependency */,
			);
			name = ExampleTests;
			productName = ExampleTests;
			productReference = BF1ABA2022378C4B005A1C48 /* ExampleTests.xctest */;
			productType = "com.apple.product-type.bundle.unit-test";
		};
		BF1ABA2A22378C4B005A1C48 /* ExampleUITests */ = {
			isa = PBXNativeTarget;
			buildConfigurationList = BF1ABA3A22378C4B005A1C48 /* Build configuration list for PBXNativeTarget "ExampleUITests" */;
			buildPhases = (
				E464347C3337E8AA7F2A448F /* [CP] Check Pods Manifest.lock */,
				BF1ABA2722378C4B005A1C48 /* Sources */,
				BF1ABA2822378C4B005A1C48 /* Frameworks */,
				BF1ABA2922378C4B005A1C48 /* Resources */,
			);
			buildRules = (
			);
			dependencies = (
				BF1ABA2D22378C4B005A1C48 /* PBXTargetDependency */,
			);
			name = ExampleUITests;
			productName = ExampleUITests;
			productReference = BF1ABA2B22378C4B005A1C48 /* ExampleUITests.xctest */;
			productType = "com.apple.product-type.bundle.ui-testing";
		};
/* End PBXNativeTarget section */

/* Begin PBXProject section */
		BF1ABA0422378C49005A1C48 /* Project object */ = {
			isa = PBXProject;
			attributes = {
				LastSwiftUpdateCheck = 1010;
				LastUpgradeCheck = 1010;
				ORGANIZATIONNAME = 5th;
				TargetAttributes = {
					BF1ABA0B22378C49005A1C48 = {
						CreatedOnToolsVersion = 10.1;
					};
					BF1ABA1F22378C4B005A1C48 = {
						CreatedOnToolsVersion = 10.1;
						TestTargetID = BF1ABA0B22378C49005A1C48;
					};
					BF1ABA2A22378C4B005A1C48 = {
						CreatedOnToolsVersion = 10.1;
						TestTargetID = BF1ABA0B22378C49005A1C48;
					};
				};
			};
			buildConfigurationList = BF1ABA0722378C49005A1C48 /* Build configuration list for PBXProject "Example" */;
			compatibilityVersion = "Xcode 9.3";
			developmentRegion = en;
			hasScannedForEncodings = 0;
			knownRegions = (
				en,
				Base,
			);
			mainGroup = BF1ABA0322378C49005A1C48;
			productRefGroup = BF1ABA0D22378C49005A1C48 /* Products */;
			projectDirPath = "";
			projectRoot = "";
			targets = (
				BF1ABA0B22378C49005A1C48 /* Example */,
				BF1ABA1F22378C4B005A1C48 /* ExampleTests */,
				BF1ABA2A22378C4B005A1C48 /* ExampleUITests */,
			);
		};
/* End PBXProject section */

/* Begin PBXResourcesBuildPhase section */
		BF1ABA0A22378C49005A1C48 /* Resources */ = {
			isa = PBXResourcesBuildPhase;
			buildActionMask = 2147483647;
			files = (
				BF1ABA1A22378C4B005A1C48 /* LaunchScreen.storyboard in Resources */,
				BF1ABA1722378C4B005A1C48 /* Assets.xcassets in Resources */,
				BF1ABA1522378C49005A1C48 /* Main.storyboard in Resources */,
			);
			runOnlyForDeploymentPostprocessing = 0;
		};
		BF1ABA1E22378C4B005A1C48 /* Resources */ = {
			isa = PBXResourcesBuildPhase;
			buildActionMask = 2147483647;
			files = (
			);
			runOnlyForDeploymentPostprocessing = 0;
		};
		BF1ABA2922378C4B005A1C48 /* Resources */ = {
			isa = PBXResourcesBuildPhase;
			buildActionMask = 2147483647;
			files = (
			);
			runOnlyForDeploymentPostprocessing = 0;
		};
/* End PBXResourcesBuildPhase section */

/* Begin PBXShellScriptBuildPhase section */
		58473C0DD1F4833CCD5EF8DE /* [CP] Check Pods Manifest.lock */ = {
			isa = PBXShellScriptBuildPhase;
			buildActionMask = 2147483647;
			files = (
			);
			inputFileListPaths = (
			);
			inputPaths = (
				"${PODS_PODFILE_DIR_PATH}/Podfile.lock",
				"${PODS_ROOT}/Manifest.lock",
			);
			name = "[CP] Check Pods Manifest.lock";
			outputFileListPaths = (
			);
			outputPaths = (
				"$(DERIVED_FILE_DIR)/Pods-Example-checkManifestLockResult.txt",
			);
			runOnlyForDeploymentPostprocessing = 0;
			shellPath = /bin/sh;
			shellScript = "diff \"${PODS_PODFILE_DIR_PATH}/Podfile.lock\" \"${PODS_ROOT}/Manifest.lock\" > /dev/null\nif [ $? != 0 ] ; then\n    # print error to STDERR\n    echo \"error: The sandbox is not in sync with the Podfile.lock. Run 'pod install' or update your CocoaPods installation.\" >&2\n    exit 1\nfi\n# This output is used by Xcode 'outputs' to avoid re-running this script phase.\necho \"SUCCESS\" > \"${SCRIPT_OUTPUT_FILE_0}\"\n";
			showEnvVarsInLog = 0;
		};
		AB24011FF4C154A3DD8DA31D /* [CP] Check Pods Manifest.lock */ = {
			isa = PBXShellScriptBuildPhase;
			buildActionMask = 2147483647;
			files = (
			);
			inputFileListPaths = (
			);
			inputPaths = (
				"${PODS_PODFILE_DIR_PATH}/Podfile.lock",
				"${PODS_ROOT}/Manifest.lock",
			);
			name = "[CP] Check Pods Manifest.lock";
			outputFileListPaths = (
			);
			outputPaths = (
				"$(DERIVED_FILE_DIR)/Pods-ExampleTests-checkManifestLockResult.txt",
			);
			runOnlyForDeploymentPostprocessing = 0;
			shellPath = /bin/sh;
			shellScript = "diff \"${PODS_PODFILE_DIR_PATH}/Podfile.lock\" \"${PODS_ROOT}/Manifest.lock\" > /dev/null\nif [ $? != 0 ] ; then\n    # print error to STDERR\n    echo \"error: The sandbox is not in sync with the Podfile.lock. Run 'pod install' or update your CocoaPods installation.\" >&2\n    exit 1\nfi\n# This output is used by Xcode 'outputs' to avoid re-running this script phase.\necho \"SUCCESS\" > \"${SCRIPT_OUTPUT_FILE_0}\"\n";
			showEnvVarsInLog = 0;
		};
		AF86C6F772C3F82349DD8864 /* [CP] Embed Pods Frameworks */ = {
			isa = PBXShellScriptBuildPhase;
			buildActionMask = 2147483647;
			files = (
			);
			inputFileListPaths = (
			);
			inputPaths = (
				"${SRCROOT}/Pods/Target Support Files/Pods-Example/Pods-Example-frameworks.sh",
				"${BUILT_PRODUCTS_DIR}/SDWebImage/SDWebImage.framework",
				"${BUILT_PRODUCTS_DIR}/SnapKit/SnapKit.framework",
			);
			name = "[CP] Embed Pods Frameworks";
			outputFileListPaths = (
			);
			outputPaths = (
				"${TARGET_BUILD_DIR}/${FRAMEWORKS_FOLDER_PATH}/SDWebImage.framework",
				"${TARGET_BUILD_DIR}/${FRAMEWORKS_FOLDER_PATH}/SnapKit.framework",
			);
			runOnlyForDeploymentPostprocessing = 0;
			shellPath = /bin/sh;
			shellScript = "\"${SRCROOT}/Pods/Target Support Files/Pods-Example/Pods-Example-frameworks.sh\"\n";
			showEnvVarsInLog = 0;
		};
		E464347C3337E8AA7F2A448F /* [CP] Check Pods Manifest.lock */ = {
			isa = PBXShellScriptBuildPhase;
			buildActionMask = 2147483647;
			files = (
			);
			inputFileListPaths = (
			);
			inputPaths = (
				"${PODS_PODFILE_DIR_PATH}/Podfile.lock",
				"${PODS_ROOT}/Manifest.lock",
			);
			name = "[CP] Check Pods Manifest.lock";
			outputFileListPaths = (
			);
			outputPaths = (
				"$(DERIVED_FILE_DIR)/Pods-ExampleUITests-checkManifestLockResult.txt",
			);
			runOnlyForDeploymentPostprocessing = 0;
			shellPath = /bin/sh;
			shellScript = "diff \"${PODS_PODFILE_DIR_PATH}/Podfile.lock\" \"${PODS_ROOT}/Manifest.lock\" > /dev/null\nif [ $? != 0 ] ; then\n    # print error to STDERR\n    echo \"error: The sandbox is not in sync with the Podfile.lock. Run 'pod install' or update your CocoaPods installation.\" >&2\n    exit 1\nfi\n# This output is used by Xcode 'outputs' to avoid re-running this script phase.\necho \"SUCCESS\" > \"${SCRIPT_OUTPUT_FILE_0}\"\n";
			showEnvVarsInLog = 0;
		};
/* End PBXShellScriptBuildPhase section */

/* Begin PBXSourcesBuildPhase section */
		BF1ABA0822378C49005A1C48 /* Sources */ = {
			isa = PBXSourcesBuildPhase;
			buildActionMask = 2147483647;
			files = (
				BF1ABA1222378C49005A1C48 /* ViewController.swift in Sources */,
				BF1ABA1022378C49005A1C48 /* AppDelegate.swift in Sources */,
			);
			runOnlyForDeploymentPostprocessing = 0;
		};
		BF1ABA1C22378C4B005A1C48 /* Sources */ = {
			isa = PBXSourcesBuildPhase;
			buildActionMask = 2147483647;
			files = (
				BF1ABA2522378C4B005A1C48 /* ExampleTests.swift in Sources */,
			);
			runOnlyForDeploymentPostprocessing = 0;
		};
		BF1ABA2722378C4B005A1C48 /* Sources */ = {
			isa = PBXSourcesBuildPhase;
			buildActionMask = 2147483647;
			files = (
				BF1ABA3022378C4B005A1C48 /* ExampleUITests.swift in Sources */,
			);
			runOnlyForDeploymentPostprocessing = 0;
		};
/* End PBXSourcesBuildPhase section */

/* Begin PBXTargetDependency section */
		BF1ABA2222378C4B005A1C48 /* PBXTargetDependency */ = {
			isa = PBXTargetDependency;
			target = BF1ABA0B22378C49005A1C48 /* Example */;
			targetProxy = BF1ABA2122378C4B005A1C48 /* PBXContainerItemProxy */;
		};
		BF1ABA2D22378C4B005A1C48 /* PBXTargetDependency */ = {
			isa = PBXTargetDependency;
			target = BF1ABA0B22378C49005A1C48 /* Example */;
			targetProxy = BF1ABA2C22378C4B005A1C48 /* PBXContainerItemProxy */;
		};
/* End PBXTargetDependency section */

/* Begin PBXVariantGroup section */
		BF1ABA1322378C49005A1C48 /* Main.storyboard */ = {
			isa = PBXVariantGroup;
			children = (
				BF1ABA1422378C49005A1C48 /* Base */,
			);
			name = Main.storyboard;
			sourceTree = "<group>";
		};
		BF1ABA1822378C4B005A1C48 /* LaunchScreen.storyboard */ = {
			isa = PBXVariantGroup;
			children = (
				BF1ABA1922378C4B005A1C48 /* Base */,
			);
			name = LaunchScreen.storyboard;
			sourceTree = "<group>";
		};
/* End PBXVariantGroup section */

/* Begin XCBuildConfiguration section */
		BF1ABA3222378C4B005A1C48 /* Debug */ = {
			isa = XCBuildConfiguration;
			buildSettings = {
				ALWAYS_SEARCH_USER_PATHS = NO;
				CLANG_ANALYZER_NONNULL = YES;
				CLANG_ANALYZER_NUMBER_OBJECT_CONVERSION = YES_AGGRESSIVE;
				CLANG_CXX_LANGUAGE_STANDARD = "gnu++14";
				CLANG_CXX_LIBRARY = "libc++";
				CLANG_ENABLE_MODULES = YES;
				CLANG_ENABLE_OBJC_ARC = YES;
				CLANG_ENABLE_OBJC_WEAK = YES;
				CLANG_WARN_BLOCK_CAPTURE_AUTORELEASING = YES;
				CLANG_WARN_BOOL_CONVERSION = YES;
				CLANG_WARN_COMMA = YES;
				CLANG_WARN_CONSTANT_CONVERSION = YES;
				CLANG_WARN_DEPRECATED_OBJC_IMPLEMENTATIONS = YES;
				CLANG_WARN_DIRECT_OBJC_ISA_USAGE = YES_ERROR;
				CLANG_WARN_DOCUMENTATION_COMMENTS = YES;
				CLANG_WARN_EMPTY_BODY = YES;
				CLANG_WARN_ENUM_CONVERSION = YES;
				CLANG_WARN_INFINITE_RECURSION = YES;
				CLANG_WARN_INT_CONVERSION = YES;
				CLANG_WARN_NON_LITERAL_NULL_CONVERSION = YES;
				CLANG_WARN_OBJC_IMPLICIT_RETAIN_SELF = YES;
				CLANG_WARN_OBJC_LITERAL_CONVERSION = YES;
				CLANG_WARN_OBJC_ROOT_CLASS = YES_ERROR;
				CLANG_WARN_RANGE_LOOP_ANALYSIS = YES;
				CLANG_WARN_STRICT_PROTOTYPES = YES;
				CLANG_WARN_SUSPICIOUS_MOVE = YES;
				CLANG_WARN_UNGUARDED_AVAILABILITY = YES_AGGRESSIVE;
				CLANG_WARN_UNREACHABLE_CODE = YES;
				CLANG_WARN__DUPLICATE_METHOD_MATCH = YES;
				CODE_SIGN_IDENTITY = "iPhone Developer";
				COPY_PHASE_STRIP = NO;
				DEBUG_INFORMATION_FORMAT = dwarf;
				ENABLE_STRICT_OBJC_MSGSEND = YES;
				ENABLE_TESTABILITY = YES;
				GCC_C_LANGUAGE_STANDARD = gnu11;
				GCC_DYNAMIC_NO_PIC = NO;
				GCC_NO_COMMON_BLOCKS = YES;
				GCC_OPTIMIZATION_LEVEL = 0;
				GCC_PREPROCESSOR_DEFINITIONS = (
					"DEBUG=1",
					"$(inherited)",
				);
				GCC_WARN_64_TO_32_BIT_CONVERSION = YES;
				GCC_WARN_ABOUT_RETURN_TYPE = YES_ERROR;
				GCC_WARN_UNDECLARED_SELECTOR = YES;
				GCC_WARN_UNINITIALIZED_AUTOS = YES_AGGRESSIVE;
				GCC_WARN_UNUSED_FUNCTION = YES;
				GCC_WARN_UNUSED_VARIABLE = YES;
				IPHONEOS_DEPLOYMENT_TARGET = 12.1;
				MTL_ENABLE_DEBUG_INFO = INCLUDE_SOURCE;
				MTL_FAST_MATH = YES;
				ONLY_ACTIVE_ARCH = YES;
				SDKROOT = iphoneos;
				SWIFT_ACTIVE_COMPILATION_CONDITIONS = DEBUG;
				SWIFT_OPTIMIZATION_LEVEL = "-Onone";
			};
			name = Debug;
		};
		BF1ABA3322378C4B005A1C48 /* Release */ = {
			isa = XCBuildConfiguration;
			buildSettings = {
				ALWAYS_SEARCH_USER_PATHS = NO;
				CLANG_ANALYZER_NONNULL = YES;
				CLANG_ANALYZER_NUMBER_OBJECT_CONVERSION = YES_AGGRESSIVE;
				CLANG_CXX_LANGUAGE_STANDARD = "gnu++14";
				CLANG_CXX_LIBRARY = "libc++";
				CLANG_ENABLE_MODULES = YES;
				CLANG_ENABLE_OBJC_ARC = YES;
				CLANG_ENABLE_OBJC_WEAK = YES;
				CLANG_WARN_BLOCK_CAPTURE_AUTORELEASING = YES;
				CLANG_WARN_BOOL_CONVERSION = YES;
				CLANG_WARN_COMMA = YES;
				CLANG_WARN_CONSTANT_CONVERSION = YES;
				CLANG_WARN_DEPRECATED_OBJC_IMPLEMENTATIONS = YES;
				CLANG_WARN_DIRECT_OBJC_ISA_USAGE = YES_ERROR;
				CLANG_WARN_DOCUMENTATION_COMMENTS = YES;
				CLANG_WARN_EMPTY_BODY = YES;
				CLANG_WARN_ENUM_CONVERSION = YES;
				CLANG_WARN_INFINITE_RECURSION = YES;
				CLANG_WARN_INT_CONVERSION = YES;
				CLANG_WARN_NON_LITERAL_NULL_CONVERSION = YES;
				CLANG_WARN_OBJC_IMPLICIT_RETAIN_SELF = YES;
				CLANG_WARN_OBJC_LITERAL_CONVERSION = YES;
				CLANG_WARN_OBJC_ROOT_CLASS = YES_ERROR;
				CLANG_WARN_RANGE_LOOP_ANALYSIS = YES;
				CLANG_WARN_STRICT_PROTOTYPES = YES;
				CLANG_WARN_SUSPICIOUS_MOVE = YES;
				CLANG_WARN_UNGUARDED_AVAILABILITY = YES_AGGRESSIVE;
				CLANG_WARN_UNREACHABLE_CODE = YES;
				CLANG_WARN__DUPLICATE_METHOD_MATCH = YES;
				CODE_SIGN_IDENTITY = "iPhone Developer";
				COPY_PHASE_STRIP = NO;
				DEBUG_INFORMATION_FORMAT = "dwarf-with-dsym";
				ENABLE_NS_ASSERTIONS = NO;
				ENABLE_STRICT_OBJC_MSGSEND = YES;
				GCC_C_LANGUAGE_STANDARD = gnu11;
				GCC_NO_COMMON_BLOCKS = YES;
				GCC_WARN_64_TO_32_BIT_CONVERSION = YES;
				GCC_WARN_ABOUT_RETURN_TYPE = YES_ERROR;
				GCC_WARN_UNDECLARED_SELECTOR = YES;
				GCC_WARN_UNINITIALIZED_AUTOS = YES_AGGRESSIVE;
				GCC_WARN_UNUSED_FUNCTION = YES;
				GCC_WARN_UNUSED_VARIABLE = YES;
				IPHONEOS_DEPLOYMENT_TARGET = 12.1;
				MTL_ENABLE_DEBUG_INFO = NO;
				MTL_FAST_MATH = YES;
				SDKROOT = iphoneos;
				SWIFT_COMPILATION_MODE = wholemodule;
				SWIFT_OPTIMIZATION_LEVEL = "-O";
				VALIDATE_PRODUCT = YES;
			};
			name = Release;
		};
		BF1ABA3522378C4B005A1C48 /* Debug */ = {
			isa = XCBuildConfiguration;
			baseConfigurationReference = 23FC821E48C76D56CBE402A2 /* Pods-Example.debug.xcconfig */;
			buildSettings = {
				ASSETCATALOG_COMPILER_APPICON_NAME = AppIcon;
				CODE_SIGN_STYLE = Automatic;
				INFOPLIST_FILE = Example/Info.plist;
				LD_RUNPATH_SEARCH_PATHS = (
					"$(inherited)",
					"@executable_path/Frameworks",
				);
				PRODUCT_BUNDLE_IDENTIFIER = "-th.Example";
				PRODUCT_NAME = "$(TARGET_NAME)";
				SWIFT_VERSION = 4.2;
				TARGETED_DEVICE_FAMILY = "1,2";
			};
			name = Debug;
		};
		BF1ABA3622378C4B005A1C48 /* Release */ = {
			isa = XCBuildConfiguration;
			baseConfigurationReference = 5220711446659946C8DEB545 /* Pods-Example.release.xcconfig */;
			buildSettings = {
				ASSETCATALOG_COMPILER_APPICON_NAME = AppIcon;
				CODE_SIGN_STYLE = Automatic;
				INFOPLIST_FILE = Example/Info.plist;
				LD_RUNPATH_SEARCH_PATHS = (
					"$(inherited)",
					"@executable_path/Frameworks",
				);
				PRODUCT_BUNDLE_IDENTIFIER = "-th.Example";
				PRODUCT_NAME = "$(TARGET_NAME)";
				SWIFT_VERSION = 4.2;
				TARGETED_DEVICE_FAMILY = "1,2";
			};
			name = Release;
		};
		BF1ABA3822378C4B005A1C48 /* Debug */ = {
			isa = XCBuildConfiguration;
			baseConfigurationReference = C20C3F0794A4CCC6722440D8 /* Pods-ExampleTests.debug.xcconfig */;
			buildSettings = {
				ALWAYS_EMBED_SWIFT_STANDARD_LIBRARIES = YES;
				BUNDLE_LOADER = "$(TEST_HOST)";
				CODE_SIGN_STYLE = Automatic;
				INFOPLIST_FILE = ExampleTests/Info.plist;
				LD_RUNPATH_SEARCH_PATHS = (
					"$(inherited)",
					"@executable_path/Frameworks",
					"@loader_path/Frameworks",
				);
				PRODUCT_BUNDLE_IDENTIFIER = "-th.ExampleTests";
				PRODUCT_NAME = "$(TARGET_NAME)";
				SWIFT_VERSION = 4.2;
				TARGETED_DEVICE_FAMILY = "1,2";
				TEST_HOST = "$(BUILT_PRODUCTS_DIR)/Example.app/Example";
			};
			name = Debug;
		};
		BF1ABA3922378C4B005A1C48 /* Release */ = {
			isa = XCBuildConfiguration;
			baseConfigurationReference = 21A0BF82013F6684960BD842 /* Pods-ExampleTests.release.xcconfig */;
			buildSettings = {
				ALWAYS_EMBED_SWIFT_STANDARD_LIBRARIES = YES;
				BUNDLE_LOADER = "$(TEST_HOST)";
				CODE_SIGN_STYLE = Automatic;
				INFOPLIST_FILE = ExampleTests/Info.plist;
				LD_RUNPATH_SEARCH_PATHS = (
					"$(inherited)",
					"@executable_path/Frameworks",
					"@loader_path/Frameworks",
				);
				PRODUCT_BUNDLE_IDENTIFIER = "-th.ExampleTests";
				PRODUCT_NAME = "$(TARGET_NAME)";
				SWIFT_VERSION = 4.2;
				TARGETED_DEVICE_FAMILY = "1,2";
				TEST_HOST = "$(BUILT_PRODUCTS_DIR)/Example.app/Example";
			};
			name = Release;
		};
		BF1ABA3B22378C4B005A1C48 /* Debug */ = {
			isa = XCBuildConfiguration;
			baseConfigurationReference = F09704719239FB9336BF8E4F /* Pods-ExampleUITests.debug.xcconfig */;
			buildSettings = {
				ALWAYS_EMBED_SWIFT_STANDARD_LIBRARIES = YES;
				CODE_SIGN_STYLE = Automatic;
				INFOPLIST_FILE = ExampleUITests/Info.plist;
				LD_RUNPATH_SEARCH_PATHS = (
					"$(inherited)",
					"@executable_path/Frameworks",
					"@loader_path/Frameworks",
				);
				PRODUCT_BUNDLE_IDENTIFIER = "-th.ExampleUITests";
				PRODUCT_NAME = "$(TARGET_NAME)";
				SWIFT_VERSION = 4.2;
				TARGETED_DEVICE_FAMILY = "1,2";
				TEST_TARGET_NAME = Example;
			};
			name = Debug;
		};
		BF1ABA3C22378C4B005A1C48 /* Release */ = {
			isa = XCBuildConfiguration;
			baseConfigurationReference = 2BD005508191354961875858 /* Pods-ExampleUITests.release.xcconfig */;
			buildSettings = {
				ALWAYS_EMBED_SWIFT_STANDARD_LIBRARIES = YES;
				CODE_SIGN_STYLE = Automatic;
				INFOPLIST_FILE = ExampleUITests/Info.plist;
				LD_RUNPATH_SEARCH_PATHS = (
					"$(inherited)",
					"@executable_path/Frameworks",
					"@loader_path/Frameworks",
				);
				PRODUCT_BUNDLE_IDENTIFIER = "-th.ExampleUITests";
				PRODUCT_NAME = "$(TARGET_NAME)";
				SWIFT_VERSION = 4.2;
				TARGETED_DEVICE_FAMILY = "1,2";
				TEST_TARGET_NAME = Example;
			};
			name = Release;
		};
/* End XCBuildConfiguration section */

/* Begin XCConfigurationList section */
		BF1ABA0722378C49005A1C48 /* Build configuration list for PBXProject "Example" */ = {
			isa = XCConfigurationList;
			buildConfigurations = (
				BF1ABA3222378C4B005A1C48 /* Debug */,
				BF1ABA3322378C4B005A1C48 /* Release */,
			);
			defaultConfigurationIsVisible = 0;
			defaultConfigurationName = Release;
		};
		BF1ABA3422378C4B005A1C48 /* Build configuration list for PBXNativeTarget "Example" */ = {
			isa = XCConfigurationList;
			buildConfigurations = (
				BF1ABA3522378C4B005A1C48 /* Debug */,
				BF1ABA3622378C4B005A1C48 /* Release */,
			);
			defaultConfigurationIsVisible = 0;
			defaultConfigurationName = Release;
		};
		BF1ABA3722378C4B005A1C48 /* Build configuration list for PBXNativeTarget "ExampleTests" */ = {
			isa = XCConfigurationList;
			buildConfigurations = (
				BF1ABA3822378C4B005A1C48 /* Debug */,
				BF1ABA3922378C4B005A1C48 /* Release */,
			);
			defaultConfigurationIsVisible = 0;
			defaultConfigurationName = Release;
		};
		BF1ABA3A22378C4B005A1C48 /* Build configuration list for PBXNativeTarget "ExampleUITests" */ = {
			isa = XCConfigurationList;
			buildConfigurations = (
				BF1ABA3B22378C4B005A1C48 /* Debug */,
				BF1ABA3C22378C4B005A1C48 /* Release */,
			);
			defaultConfigurationIsVisible = 0;
			defaultConfigurationName = Release;
		};
/* End XCConfigurationList section */
	};
	rootObject = BF1ABA0422378C49005A1C48 /* Project object */;
}
